github.com/earlgray283/astcopy v1.0.1-0.20220321134322-d6e22ebe42b6 h1:crTdNT5z2WNZo39AMJwrdT3VSinHQa1OHjfgdFgKGOU=
github.com/earlgray283/astcopy v1.0.1-0.20220321134322-d6e22ebe42b6/go.mod h1:VIhG725l3xlbss2ngJn5GEfz6Y3rqjS1pHPNzQCpFSw=
github.com/earlgray283/kyopro-go v0.0.0-20220321115003-1a3a06480a93 h1:lZfcs86poRGyzhZN2lojNwb9FKKFCEUNJAAzZxbOBxE=
github.com/earlgray283/kyopro-go v0.0.0-20220321115003-1a3a06480a93/go.mod h1:Z4VlmstA+js4lksBZQ88b9TOeP5tDpQlJfVd8MrrGTg=
github.com/go-toolsmith/astequal v1.0.0 h1:4zxD8j3JRFNyLN46lodQuqz3xdKSrur7U/sr0SDS/gQ=
github.com/go-toolsmith/astequal v1.0.0/go.mod h1:H+xSiq0+LtiDC11+h1G32h7Of5O3CYFJ99GVbS5lDKY=
github.com/go-toolsmith/strparse v1.0.0 h1:Vcw78DnpCAKlM20kSbAyO4mPfJn/lyYA4BJUDxe2Jb4=
github.com/go-toolsmith/strparse v1.0.0/go.mod h1:YI2nUKP9YGZnL/L1/DLFBfixrcjslWct4wyljWhSRy8=
golang.org/x/exp v0.0.0-20220317015231-48e79f11773a h1:DAzrdbxsb5tXNOhMCSwF7ZdfMbW46hE9fSVO6BsmUZM=
golang.org/x/exp v0.0.0-20220317015231-48e79f11773a/go.mod h1:lgLbSvA5ygNOMpwM/9anMpWVlVJ7Z+cHWq/eFuinpGE=
golang.org/x/mod v0.6.0-dev.0.20220106191415-9b9b3d81d5e3 h1:kQgndtyPBW/JIYERgdxfwMYh3AVStj88WQTlNDi2a+o=
golang.org/x/mod v0.6.0-dev.0.20220106191415-9b9b3d81d5e3/go.mod h1:3p9vT2HGsQu2K1YbXdKPJLVgG5VJdoTa1poYQBtP1AY=
golang.org/x/sys v0.0.0-20220317061510-51cd9980dadf h1:Fm4IcnUL803i92qDlmB0obyHmosDrxZWxJL3gIeNqOw=
golang.org/x/sys v0.0.0-20220317061510-51cd9980dadf/go.mod h1:oPkhp1MJrh7nUepCBck5+mAzfO9JrbApNNgaTdGDITg=
golang.org/x/tools v0.1.10 h1:QjFRCZxdOhBJ/UNgnBZLbNV13DlbnK0quyivTnXJM20=
golang.org/x/tools v0.1.10/go.mod h1:Uh6Zz+xoGYZom868N8YTex3t7RhtHDBrE8Gzo9bV56E=
golang.org/x/xerrors v0.0.0-20200804184101-5ec99f83aff1 h1:go1bK/D/BFZV2I8cIQd1NKEZ+0owSTG1fDTci4IqFcE=
golang.org/x/xerrors v0.0.0-20200804184101-5ec99f83aff1/go.mod h1:I/5z698sn9Ka8TeJc9MKroUUfqBBauWjQqLJ2OPfmY0=
